
Microsoft Visual Studio Solution File, Format Version 12.00
# Visual Studio Version 17
VisualStudioVersion = 17.5.002.0
MinimumVisualStudioVersion = 10.0.40219.1
Project("{9A19103F-16F7-4668-BE54-9A1E7A4F7556}") = "healthCheck", "healthCheck.csproj", "{DFEF1B92-29D7-4308-8E1F-B1EA9B97CE4A}"
EndProject
Global
	GlobalSection(SolutionConfigurationPlatforms) = preSolution
		Debug|Any CPU = Debug|Any CPU
		Release|Any CPU = Release|Any CPU
	EndGlobalSection
	GlobalSection(ProjectConfigurationPlatforms) = postSolution
		{DFEF1B92-29D7-4308-8E1F-B1EA9B97CE4A}.Debug|Any CPU.ActiveCfg = Debug|Any CPU
		{DFEF1B92-29D7-4308-8E1F-B1EA9B97CE4A}.Debug|Any CPU.Build.0 = Debug|Any CPU
		{DFEF1B92-29D7-4308-8E1F-B1EA9B97CE4A}.Release|Any CPU.ActiveCfg = Release|Any CPU
		{DFEF1B92-29D7-4308-8E1F-B1EA9B97CE4A}.Release|Any CPU.Build.0 = Release|Any CPU
	EndGlobalSection
	GlobalSection(SolutionProperties) = preSolution
		HideSolutionNode = FALSE
	EndGlobalSection
	GlobalSection(ExtensibilityGlobals) = postSolution
		SolutionGuid = {D05C8920-2E2C-480C-BDD2-718DE742910C}
	EndGlobalSection
EndGlobal
